// !$*UTF8*$!
{
	archiveVersion = 1;
	classes = {
	};
	objectVersion = 46;
	objects = {

/* Begin PBXBuildFile section */
		A80D4ACB1C74CFA90031152D /* AppDelegate.swift in Sources */ = {isa = PBXBuildFile; fileRef = A80D4ACA1C74CFA90031152D /* AppDelegate.swift */; };
		A80D4ACD1C74CFAA0031152D /* ViewController.swift in Sources */ = {isa = PBXBuildFile; fileRef = A80D4ACC1C74CFAA0031152D /* ViewController.swift */; };
		A80D4AD01C74CFAA0031152D /* Main.storyboard in Resources */ = {isa = PBXBuildFile; fileRef = A80D4ACE1C74CFAA0031152D /* Main.storyboard */; };
		A80D4AD21C74CFAA0031152D /* Assets.xcassets in Resources */ = {isa = PBXBuildFile; fileRef = A80D4AD11C74CFAA0031152D /* Assets.xcassets */; };
		A80D4AD51C74CFAA0031152D /* LaunchScreen.storyboard in Resources */ = {isa = PBXBuildFile; fileRef = A80D4AD31C74CFAA0031152D /* LaunchScreen.storyboard */; };
		A80D4AE01C74CFAA0031152D /* MagicBoxTests.swift in Sources */ = {isa = PBXBuildFile; fileRef = A80D4ADF1C74CFAA0031152D /* MagicBoxTests.swift */; };
		A80D4AEB1C74CFAA0031152D /* MagicBoxUITests.swift in Sources */ = {isa = PBXBuildFile; fileRef = A80D4AEA1C74CFAA0031152D /* MagicBoxUITests.swift */; };
/* End PBXBuildFile section */

/* Begin PBXContainerItemProxy section */
		A80D4ADC1C74CFAA0031152D /* PBXContainerItemProxy */ = {
			isa = PBXContainerItemProxy;
			containerPortal = A80D4ABF1C74CFA90031152D /* Project object */;
			proxyType = 1;
			remoteGlobalIDString = A80D4AC61C74CFA90031152D;
			remoteInfo = MagicBox;
		};
		A80D4AE71C74CFAA0031152D /* PBXContainerItemProxy */ = {
			isa = PBXContainerItemProxy;
			containerPortal = A80D4ABF1C74CFA90031152D /* Project object */;
			proxyType = 1;
			remoteGlobalIDString = A80D4AC61C74CFA90031152D;
			remoteInfo = MagicBox;
		};
/* End PBXContainerItemProxy section */

/* Begin PBXFileReference section */
		A80D4AC71C74CFA90031152D /* MagicBox.app */ = {isa = PBXFileReference; explicitFileType = wrapper.application; includeInIndex = 0; path = MagicBox.app; sourceTree = BUILT_PRODUCTS_DIR; };
		A80D4ACA1C74CFA90031152D /* AppDelegate.swift */ = {isa = PBXFileReference; lastKnownFileType = sourcecode.swift; path = AppDelegate.swift; sourceTree = "<group>"; };
		A80D4ACC1C74CFAA0031152D /* ViewController.swift */ = {isa = PBXFileReference; lastKnownFileType = sourcecode.swift; path = ViewController.swift; sourceTree = "<group>"; };
		A80D4ACF1C74CFAA0031152D /* Base */ = {isa = PBXFileReference; lastKnownFileType = file.storyboard; name = Base; path = Base.lproj/Main.storyboard; sourceTree = "<group>"; };
		A80D4AD11C74CFAA0031152D /* Assets.xcassets */ = {isa = PBXFileReference; lastKnownFileType = folder.assetcatalog; path = Assets.xcassets; sourceTree = "<group>"; };
		A80D4AD41C74CFAA0031152D /* Base */ = {isa = PBXFileReference; lastKnownFileType = file.storyboard; name = Base; path = Base.lproj/LaunchScreen.storyboard; sourceTree = "<group>"; };
		A80D4AD61C74CFAA0031152D /* Info.plist */ = {isa = PBXFileReference; lastKnownFileType = text.plist.xml; path = Info.plist; sourceTree = "<group>"; };
		A80D4ADB1C74CFAA0031152D /* MagicBoxTests.xctest */ = {isa = PBXFileReference; explicitFileType = wrapper.cfbundle; includeInIndex = 0; path = MagicBoxTests.xctest; sourceTree = BUILT_PRODUCTS_DIR; };
		A80D4ADF1C74CFAA0031152D /* MagicBoxTests.swift */ = {isa = PBXFileReference; lastKnownFileType = sourcecode.swift; path = MagicBoxTests.swift; sourceTree = "<group>"; };
		A80D4AE11C74CFAA0031152D /* Info.plist */ = {isa = PBXFileReference; lastKnownFileType = text.plist.xml; path = Info.plist; sourceTree = "<group>"; };
		A80D4AE61C74CFAA0031152D /* MagicBoxUITests.xctest */ = {isa = PBXFileReference; explicitFileType = wrapper.cfbundle; includeInIndex = 0; path = MagicBoxUITests.xctest; sourceTree = BUILT_PRODUCTS_DIR; };
		A80D4AEA1C74CFAA0031152D /* MagicBoxUITests.swift */ = {isa = PBXFileReference; lastKnownFileType = sourcecode.swift; path = MagicBoxUITests.swift; sourceTree = "<group>"; };
		A80D4AEC1C74CFAA0031152D /* Info.plist */ = {isa = PBXFileReference; lastKnownFileType = text.plist.xml; path = Info.plist; sourceTree = "<group>"; };
/* End PBXFileReference section */

/* Begin PBXFrameworksBuildPhase section */
		A80D4AC41C74CFA90031152D /* Frameworks */ = {
			isa = PBXFrameworksBuildPhase;
			buildActionMask = 2147483647;
			files = (
			);
			runOnlyForDeploymentPostprocessing = 0;
		};
		A80D4AD81C74CFAA0031152D /* Frameworks */ = {
			isa = PBXFrameworksBuildPhase;
			buildActionMask = 2147483647;
			files = (
			);
			runOnlyForDeploymentPostprocessing = 0;
		};
		A80D4AE31C74CFAA0031152D /* Frameworks */ = {
			isa = PBXFrameworksBuildPhase;
			buildActionMask = 2147483647;
			files = (
			);
			runOnlyForDeploymentPostprocessing = 0;
		};
/* End PBXFrameworksBuildPhase section */

/* Begin PBXGroup section */
		A80D4ABE1C74CFA90031152D = {
			isa = PBXGroup;
			children = (
				A80D4AC91C74CFA90031152D /* MagicBox */,
				A80D4ADE1C74CFAA0031152D /* MagicBoxTests */,
				A80D4AE91C74CFAA0031152D /* MagicBoxUITests */,
				A80D4AC81C74CFA90031152D /* Products */,
			);
			sourceTree = "<group>";
		};
		A80D4AC81C74CFA90031152D /* Products */ = {
			isa = PBXGroup;
			children = (
				A80D4AC71C74CFA90031152D /* MagicBox.app */,
				A80D4ADB1C74CFAA0031152D /* MagicBoxTests.xctest */,
				A80D4AE61C74CFAA0031152D /* MagicBoxUITests.xctest */,
			);
			name = Products;
			sourceTree = "<group>";
		};
		A80D4AC91C74CFA90031152D /* MagicBox */ = {
			isa = PBXGroup;
			children = (
				A80D4ACA1C74CFA90031152D /* AppDelegate.swift */,
				A80D4ACC1C74CFAA0031152D /* ViewController.swift */,
				A80D4ACE1C74CFAA0031152D /* Main.storyboard */,
				A80D4AD11C74CFAA0031152D /* Assets.xcassets */,
				A80D4AD31C74CFAA0031152D /* LaunchScreen.storyboard */,
				A80D4AD61C74CFAA0031152D /* Info.plist */,
			);
			path = MagicBox;
			sourceTree = "<group>";
		};
		A80D4ADE1C74CFAA0031152D /* MagicBoxTests */ = {
			isa = PBXGroup;
			children = (
				A80D4ADF1C74CFAA0031152D /* MagicBoxTests.swift */,
				A80D4AE11C74CFAA0031152D /* Info.plist */,
			);
			path = MagicBoxTests;
			sourceTree = "<group>";
		};
		A80D4AE91C74CFAA0031152D /* MagicBoxUITests */ = {
			isa = PBXGroup;
			children = (
				A80D4AEA1C74CFAA0031152D /* MagicBoxUITests.swift */,
				A80D4AEC1C74CFAA0031152D /* Info.plist */,
			);
			path = MagicBoxUITests;
			sourceTree = "<group>";
		};
/* End PBXGroup section */

/* Begin PBXNativeTarget section */
		A80D4AC61C74CFA90031152D /* MagicBox */ = {
			isa = PBXNativeTarget;
			buildConfigurationList = A80D4AEF1C74CFAA0031152D /* Build configuration list for PBXNativeTarget "MagicBox" */;
			buildPhases = (
				A80D4AC31C74CFA90031152D /* Sources */,
				A80D4AC41C74CFA90031152D /* Frameworks */,
				A80D4AC51C74CFA90031152D /* Resources */,
			);
			buildRules = (
			);
			dependencies = (
			);
			name = MagicBox;
			productName = MagicBox;
			productReference = A80D4AC71C74CFA90031152D /* MagicBox.app */;
			productType = "com.apple.product-type.application";
		};
		A80D4ADA1C74CFAA0031152D /* MagicBoxTests */ = {
			isa = PBXNativeTarget;
			buildConfigurationList = A80D4AF21C74CFAA0031152D /* Build configuration list for PBXNativeTarget "MagicBoxTests" */;
			buildPhases = (
				A80D4AD71C74CFAA0031152D /* Sources */,
				A80D4AD81C74CFAA0031152D /* Frameworks */,
				A80D4AD91C74CFAA0031152D /* Resources */,
			);
			buildRules = (
			);
			dependencies = (
				A80D4ADD1C74CFAA0031152D /* PBXTargetDependency */,
			);
			name = MagicBoxTests;
			productName = MagicBoxTests;
			productReference = A80D4ADB1C74CFAA0031152D /* MagicBoxTests.xctest */;
			productType = "com.apple.product-type.bundle.unit-test";
		};
		A80D4AE51C74CFAA0031152D /* MagicBoxUITests */ = {
			isa = PBXNativeTarget;
			buildConfigurationList = A80D4AF51C74CFAA0031152D /* Build configuration list for PBXNativeTarget "MagicBoxUITests" */;
			buildPhases = (
				A80D4AE21C74CFAA0031152D /* Sources */,
				A80D4AE31C74CFAA0031152D /* Frameworks */,
				A80D4AE41C74CFAA0031152D /* Resources */,
			);
			buildRules = (
			);
			dependencies = (
				A80D4AE81C74CFAA0031152D /* PBXTargetDependency */,
			);
			name = MagicBoxUITests;
			productName = MagicBoxUITests;
			productReference = A80D4AE61C74CFAA0031152D /* MagicBoxUITests.xctest */;
			productType = "com.apple.product-type.bundle.ui-testing";
		};
/* End PBXNativeTarget section */

/* Begin PBXProject section */
		A80D4ABF1C74CFA90031152D /* Project object */ = {
			isa = PBXProject;
			attributes = {
				LastSwiftUpdateCheck = 0710;
				LastUpgradeCheck = 0710;
				ORGANIZATIONNAME = "洋岐刘";
				TargetAttributes = {
					A80D4AC61C74CFA90031152D = {
						CreatedOnToolsVersion = 7.1.1;
						DevelopmentTeam = 96BU8XKJXD;
					};
					A80D4ADA1C74CFAA0031152D = {
						CreatedOnToolsVersion = 7.1.1;
						DevelopmentTeam = 96BU8XKJXD;
						TestTargetID = A80D4AC61C74CFA90031152D;
					};
					A80D4AE51C74CFAA0031152D = {
						CreatedOnToolsVersion = 7.1.1;
						DevelopmentTeam = 96BU8XKJXD;
						TestTargetID = A80D4AC61C74CFA90031152D;
					};
				};
			};
			buildConfigurationList = A80D4AC21C74CFA90031152D /* Build configuration list for PBXProject "MagicBox" */;
			compatibilityVersion = "Xcode 3.2";
			developmentRegion = English;
			hasScannedForEncodings = 0;
			knownRegions = (
				en,
				Base,
			);
			mainGroup = A80D4ABE1C74CFA90031152D;
			productRefGroup = A80D4AC81C74CFA90031152D /* Products */;
			projectDirPath = "";
			projectRoot = "";
			targets = (
				A80D4AC61C74CFA90031152D /* MagicBox */,
				A80D4ADA1C74CFAA0031152D /* MagicBoxTests */,
				A80D4AE51C74CFAA0031152D /* MagicBoxUITests */,
			);
		};
/* End PBXProject section */

/* Begin PBXResourcesBuildPhase section */
		A80D4AC51C74CFA90031152D /* Resources */ = {
			isa = PBXResourcesBuildPhase;
			buildActionMask = 2147483647;
			files = (
				A80D4AD51C74CFAA0031152D /* LaunchScreen.storyboard in Resources */,
				A80D4AD21C74CFAA0031152D /* Assets.xcassets in Resources */,
				A80D4AD01C74CFAA0031152D /* Main.storyboard in Resources */,
			);
			runOnlyForDeploymentPostprocessing = 0;
		};
		A80D4AD91C74CFAA0031152D /* Resources */ = {
			isa = PBXResourcesBuildPhase;
			buildActionMask = 2147483647;
			files = (
			);
			runOnlyForDeploymentPostprocessing = 0;
		};
		A80D4AE41C74CFAA0031152D /* Resources */ = {
			isa = PBXResourcesBuildPhase;
			buildActionMask = 2147483647;
			files = (
			);
			runOnlyForDeploymentPostprocessing = 0;
		};
/* End PBXResourcesBuildPhase section */

/* Begin PBXSourcesBuildPhase section */
		A80D4AC31C74CFA90031152D /* Sources */ = {
			isa = PBXSourcesBuildPhase;
			buildActionMask = 2147483647;
			files = (
				A80D4ACD1C74CFAA0031152D /* ViewController.swift in Sources */,
				A80D4ACB1C74CFA90031152D /* AppDelegate.swift in Sources */,
			);
			runOnlyForDeploymentPostprocessing = 0;
		};
		A80D4AD71C74CFAA0031152D /* Sources */ = {
			isa = PBXSourcesBuildPhase;
			buildActionMask = 2147483647;
			files = (
				A80D4AE01C74CFAA0031152D /* MagicBoxTests.swift in Sources */,
			);
			runOnlyForDeploymentPostprocessing = 0;
		};
		A80D4AE21C74CFAA0031152D /* Sources */ = {
			isa = PBXSourcesBuildPhase;
			buildActionMask = 2147483647;
			files = (
				A80D4AEB1C74CFAA0031152D /* MagicBoxUITests.swift in Sources */,
			);
			runOnlyForDeploymentPostprocessing = 0;
		};
/* End PBXSourcesBuildPhase section */

/* Begin PBXTargetDependency section */
		A80D4ADD1C74CFAA0031152D /* PBXTargetDependency */ = {
			isa = PBXTargetDependency;
			target = A80D4AC61C74CFA90031152D /* MagicBox */;
			targetProxy = A80D4ADC1C74CFAA0031152D /* PBXContainerItemProxy */;
		};
		A80D4AE81C74CFAA0031152D /* PBXTargetDependency */ = {
			isa = PBXTargetDependency;
			target = A80D4AC61C74CFA90031152D /* MagicBox */;
			targetProxy = A80D4AE71C74CFAA0031152D /* PBXContainerItemProxy */;
		};
/* End PBXTargetDependency section */

/* Begin PBXVariantGroup section */
		A80D4ACE1C74CFAA0031152D /* Main.storyboard */ = {
			isa = PBXVariantGroup;
			children = (
				A80D4ACF1C74CFAA0031152D /* Base */,
			);
			name = Main.storyboard;
			sourceTree = "<group>";
		};
		A80D4AD31C74CFAA0031152D /* LaunchScreen.storyboard */ = {
			isa = PBXVariantGroup;
			children = (
				A80D4AD41C74CFAA0031152D /* Base */,
			);
			name = LaunchScreen.storyboard;
			sourceTree = "<group>";
		};
/* End PBXVariantGroup section */

/* Begin XCBuildConfiguration section */
		A80D4AED1C74CFAA0031152D /* Debug */ = {
			isa = XCBuildConfiguration;
			buildSettings = {
				ALWAYS_SEARCH_USER_PATHS = NO;
				CLANG_CXX_LANGUAGE_STANDARD = "gnu++0x";
				CLANG_CXX_LIBRARY = "libc++";
				CLANG_ENABLE_MODULES = YES;
				CLANG_ENABLE_OBJC_ARC = YES;
				CLANG_WARN_BOOL_CONVERSION = YES;
				CLANG_WARN_CONSTANT_CONVERSION = YES;
				CLANG_WARN_DIRECT_OBJC_ISA_USAGE = YES_ERROR;
				CLANG_WARN_EMPTY_BODY = YES;
				CLANG_WARN_ENUM_CONVERSION = YES;
				CLANG_WARN_INT_CONVERSION = YES;
				CLANG_WARN_OBJC_ROOT_CLASS = YES_ERROR;
				CLANG_WARN_UNREACHABLE_CODE = YES;
				CLANG_WARN__DUPLICATE_METHOD_MATCH = YES;
				"CODE_SIGN_IDENTITY[sdk=iphoneos*]" = "iPhone Developer";
				COPY_PHASE_STRIP = NO;
				DEBUG_INFORMATION_FORMAT = dwarf;
				ENABLE_STRICT_OBJC_MSGSEND = YES;
				ENABLE_TESTABILITY = YES;
				GCC_C_LANGUAGE_STANDARD = gnu99;
				GCC_DYNAMIC_NO_PIC = NO;
				GCC_NO_COMMON_BLOCKS = YES;
				GCC_OPTIMIZATION_LEVEL = 0;
				GCC_PREPROCESSOR_DEFINITIONS = (
					"DEBUG=1",
					"$(inherited)",
				);
				GCC_WARN_64_TO_32_BIT_CONVERSION = YES;
				GCC_WARN_ABOUT_RETURN_TYPE = YES_ERROR;
				GCC_WARN_UNDECLARED_SELECTOR = YES;
				GCC_WARN_UNINITIALIZED_AUTOS = YES_AGGRESSIVE;
				GCC_WARN_UNUSED_FUNCTION = YES;
				GCC_WARN_UNUSED_VARIABLE = YES;
				IPHONEOS_DEPLOYMENT_TARGET = 9.1;
				MTL_ENABLE_DEBUG_INFO = YES;
				ONLY_ACTIVE_ARCH = YES;
				SDKROOT = iphoneos;
				SWIFT_OPTIMIZATION_LEVEL = "-Onone";
			};
			name = Debug;
		};
		A80D4AEE1C74CFAA0031152D /* Release */ = {
			isa = XCBuildConfiguration;
			buildSettings = {
				ALWAYS_SEARCH_USER_PATHS = NO;
				CLANG_CXX_LANGUAGE_STANDARD = "gnu++0x";
				CLANG_CXX_LIBRARY = "libc++";
				CLANG_ENABLE_MODULES = YES;
				CLANG_ENABLE_OBJC_ARC = YES;
				CLANG_WARN_BOOL_CONVERSION = YES;
				CLANG_WARN_CONSTANT_CONVERSION = YES;
				CLANG_WARN_DIRECT_OBJC_ISA_USAGE = YES_ERROR;
				CLANG_WARN_EMPTY_BODY = YES;
				CLANG_WARN_ENUM_CONVERSION = YES;
				CLANG_WARN_INT_CONVERSION = YES;
				CLANG_WARN_OBJC_ROOT_CLASS = YES_ERROR;
				CLANG_WARN_UNREACHABLE_CODE = YES;
				CLANG_WARN__DUPLICATE_METHOD_MATCH = YES;
				"CODE_SIGN_IDENTITY[sdk=iphoneos*]" = "iPhone Developer";
				COPY_PHASE_STRIP = NO;
				DEBUG_INFORMATION_FORMAT = "dwarf-with-dsym";
				ENABLE_NS_ASSERTIONS = NO;
				ENABLE_STRICT_OBJC_MSGSEND = YES;
				GCC_C_LANGUAGE_STANDARD = gnu99;
				GCC_NO_COMMON_BLOCKS = YES;
				GCC_WARN_64_TO_32_BIT_CONVERSION = YES;
				GCC_WARN_ABOUT_RETURN_TYPE = YES_ERROR;
				GCC_WARN_UNDECLARED_SELECTOR = YES;
				GCC_WARN_UNINITIALIZED_AUTOS = YES_AGGRESSIVE;
				GCC_WARN_UNUSED_FUNCTION = YES;
				GCC_WARN_UNUSED_VARIABLE = YES;
				IPHONEOS_DEPLOYMENT_TARGET = 9.1;
				MTL_ENABLE_DEBUG_INFO = NO;
				SDKROOT = iphoneos;
				VALIDATE_PRODUCT = YES;
			};
			name = Release;
		};
		A80D4AF01C74CFAA0031152D /* Debug */ = {
			isa = XCBuildConfiguration;
			buildSettings = {
				ASSETCATALOG_COMPILER_APPICON_NAME = AppIcon;
				INFOPLIST_FILE = MagicBox/Info.plist;
				LD_RUNPATH_SEARCH_PATHS = "$(inherited) @executable_path/Frameworks";
				PRODUCT_BUNDLE_IDENTIFIER = calcu1.MagicBox;
				PRODUCT_NAME = "$(TARGET_NAME)";
			};
			name = Debug;
		};
		A80D4AF11C74CFAA0031152D /* Release */ = {
			isa = XCBuildConfiguration;
			buildSettings = {
				ASSETCATALOG_COMPILER_APPICON_NAME = AppIcon;
				INFOPLIST_FILE = MagicBox/Info.plist;
				LD_RUNPATH_SEARCH_PATHS = "$(inherited) @executable_path/Frameworks";
				PRODUCT_BUNDLE_IDENTIFIER = calcu1.MagicBox;
				PRODUCT_NAME = "$(TARGET_NAME)";
			};
			name = Release;
		};
		A80D4AF31C74CFAA0031152D /* Debug */ = {
			isa = XCBuildConfiguration;
			buildSettings = {
				BUNDLE_LOADER = "$(TEST_HOST)";
				INFOPLIST_FILE = MagicBoxTests/Info.plist;
				LD_RUNPATH_SEARCH_PATHS = "$(inherited) @executable_path/Frameworks @loader_path/Frameworks";
				PRODUCT_BUNDLE_IDENTIFIER = calcu1.MagicBoxTests;
				PRODUCT_NAME = "$(TARGET_NAME)";
				TEST_HOST = "$(BUILT_PRODUCTS_DIR)/MagicBox.app/MagicBox";
			};
			name = Debug;
		};
		A80D4AF41C74CFAA0031152D /* Release */ = {
			isa = XCBuildConfiguration;
			buildSettings = {
				BUNDLE_LOADER = "$(TEST_HOST)";
				INFOPLIST_FILE = MagicBoxTests/Info.plist;
				LD_RUNPATH_SEARCH_PATHS = "$(inherited) @executable_path/Frameworks @loader_path/Frameworks";
				PRODUCT_BUNDLE_IDENTIFIER = calcu1.MagicBoxTests;
				PRODUCT_NAME = "$(TARGET_NAME)";
				TEST_HOST = "$(BUILT_PRODUCTS_DIR)/MagicBox.app/MagicBox";
			};
			name = Release;
		};
		A80D4AF61C74CFAA0031152D /* Debug */ = {
			isa = XCBuildConfiguration;
			buildSettings = {
				INFOPLIST_FILE = MagicBoxUITests/Info.plist;
				LD_RUNPATH_SEARCH_PATHS = "$(inherited) @executable_path/Frameworks @loader_path/Frameworks";
				PRODUCT_BUNDLE_IDENTIFIER = calcu1.MagicBoxUITests;
				PRODUCT_NAME = "$(TARGET_NAME)";
				TEST_TARGET_NAME = MagicBox;
				USES_XCTRUNNER = YES;
			};
			name = Debug;
		};
		A80D4AF71C74CFAA0031152D /* Release */ = {
			isa = XCBuildConfiguration;
			buildSettings = {
				INFOPLIST_FILE = MagicBoxUITests/Info.plist;
				LD_RUNPATH_SEARCH_PATHS = "$(inherited) @executable_path/Frameworks @loader_path/Frameworks";
				PRODUCT_BUNDLE_IDENTIFIER = calcu1.MagicBoxUITests;
				PRODUCT_NAME = "$(TARGET_NAME)";
				TEST_TARGET_NAME = MagicBox;
				USES_XCTRUNNER = YES;
			};
			name = Release;
		};
/* End XCBuildConfiguration section */

/* Begin XCConfigurationList section */
		A80D4AC21C74CFA90031152D /* Build configuration list for PBXProject "MagicBox" */ = {
			isa = XCConfigurationList;
			buildConfigurations = (
				A80D4AED1C74CFAA0031152D /* Debug */,
				A80D4AEE1C74CFAA0031152D /* Release */,
			);
			defaultConfigurationIsVisible = 0;
			defaultConfigurationName = Release;
		};
		A80D4AEF1C74CFAA0031152D /* Build configuration list for PBXNativeTarget "MagicBox" */ = {
			isa = XCConfigurationList;
			buildConfigurations = (
				A80D4AF01C74CFAA0031152D /* Debug */,
				A80D4AF11C74CFAA0031152D /* Release */,
			);
			defaultConfigurationIsVisible = 0;
		};
		A80D4AF21C74CFAA0031152D /* Build configuration list for PBXNativeTarget "MagicBoxTests" */ = {
			isa = XCConfigurationList;
			buildConfigurations = (
				A80D4AF31C74CFAA0031152D /* Debug */,
				A80D4AF41C74CFAA0031152D /* Release */,
			);
			defaultConfigurationIsVisible = 0;
		};
		A80D4AF51C74CFAA0031152D /* Build configuration list for PBXNativeTarget "MagicBoxUITests" */ = {
			isa = XCConfigurationList;
			buildConfigurations = (
				A80D4AF61C74CFAA0031152D /* Debug */,
				A80D4AF71C74CFAA0031152D /* Release */,
			);
			defaultConfigurationIsVisible = 0;
		};
/* End XCConfigurationList section */
	};
	rootObject = A80D4ABF1C74CFA90031152D /* Project object */;
}
